// !$*UTF8*$!
{
	archiveVersion = 1;
	classes = {
	};
	objectVersion = 50;
	objects = {

/* Begin PBXBuildFile section */
		5BA45B9C20BDD55D00656472 /* AppDelegate.swift in Sources */ = {isa = PBXBuildFile; fileRef = 5BA45B9B20BDD55D00656472 /* AppDelegate.swift */; };
		5BA45B9E20BDD55D00656472 /* HomeVC.swift in Sources */ = {isa = PBXBuildFile; fileRef = 5BA45B9D20BDD55D00656472 /* HomeVC.swift */; };
		5BA45BA120BDD55D00656472 /* Main.storyboard in Resources */ = {isa = PBXBuildFile; fileRef = 5BA45B9F20BDD55D00656472 /* Main.storyboard */; };
		5BA45BA320BDD55E00656472 /* Assets.xcassets in Resources */ = {isa = PBXBuildFile; fileRef = 5BA45BA220BDD55E00656472 /* Assets.xcassets */; };
		5BA45BA620BDD55E00656472 /* LaunchScreen.storyboard in Resources */ = {isa = PBXBuildFile; fileRef = 5BA45BA420BDD55E00656472 /* LaunchScreen.storyboard */; };
		5BA45BAE20BDD7AE00656472 /* GoogleService-Info.plist in Resources */ = {isa = PBXBuildFile; fileRef = 5BA45BAD20BDD7AE00656472 /* GoogleService-Info.plist */; };
		5BF7926620C11E89005A6E09 /* UIGradientVIew.swift in Sources */ = {isa = PBXBuildFile; fileRef = 5BF7926520C11E89005A6E09 /* UIGradientVIew.swift */; };
		5BF7926820C12184005A6E09 /* RoundImgView.swift in Sources */ = {isa = PBXBuildFile; fileRef = 5BF7926720C12184005A6E09 /* RoundImgView.swift */; };
		5BF7926A20C12240005A6E09 /* RoundedShadowView.swift in Sources */ = {isa = PBXBuildFile; fileRef = 5BF7926920C12240005A6E09 /* RoundedShadowView.swift */; };
		5BF7926C20C12348005A6E09 /* CircularView.swift in Sources */ = {isa = PBXBuildFile; fileRef = 5BF7926B20C12348005A6E09 /* CircularView.swift */; };
		5BF7926E20C125D3005A6E09 /* RoundedShadowButton.swift in Sources */ = {isa = PBXBuildFile; fileRef = 5BF7926D20C125D3005A6E09 /* RoundedShadowButton.swift */; };
		5BF7927020C12C90005A6E09 /* ContainerVC.swift in Sources */ = {isa = PBXBuildFile; fileRef = 5BF7926F20C12C90005A6E09 /* ContainerVC.swift */; };
		5BF7927220C12D86005A6E09 /* LeftPanelVC.swift in Sources */ = {isa = PBXBuildFile; fileRef = 5BF7927120C12D86005A6E09 /* LeftPanelVC.swift */; };
		5BF7927420C190B0005A6E09 /* UIView+Extensions.swift in Sources */ = {isa = PBXBuildFile; fileRef = 5BF7927320C190B0005A6E09 /* UIView+Extensions.swift */; };
		5BF7927620C196BD005A6E09 /* LoginVC.swift in Sources */ = {isa = PBXBuildFile; fileRef = 5BF7927520C196BD005A6E09 /* LoginVC.swift */; };
		5BF7927A20C1978E005A6E09 /* RoundedCornerTF.swift in Sources */ = {isa = PBXBuildFile; fileRef = 5BF7927920C1978E005A6E09 /* RoundedCornerTF.swift */; };
		5BF7927C20C1B6B1005A6E09 /* DataService.swift in Sources */ = {isa = PBXBuildFile; fileRef = 5BF7927B20C1B6B1005A6E09 /* DataService.swift */; };
		5BF7927F20C24B34005A6E09 /* UpdateService.swift in Sources */ = {isa = PBXBuildFile; fileRef = 5BF7927E20C24B34005A6E09 /* UpdateService.swift */; };
		5BF7928120C25268005A6E09 /* DriverAnnotaion.swift in Sources */ = {isa = PBXBuildFile; fileRef = 5BF7928020C25268005A6E09 /* DriverAnnotaion.swift */; };
		5BF7928320C29E1B005A6E09 /* PassengerAnnotation.swift in Sources */ = {isa = PBXBuildFile; fileRef = 5BF7928220C29E1B005A6E09 /* PassengerAnnotation.swift */; };
		EE287FADCA094CD03FC0816D /* Pods_ABNRider.framework in Frameworks */ = {isa = PBXBuildFile; fileRef = 592D280ECF88D8FC77131AD9 /* Pods_ABNRider.framework */; };
/* End PBXBuildFile section */

/* Begin PBXFileReference section */
		04C91FB904176D60A67261AB /* Pods-ABNRider.release.xcconfig */ = {isa = PBXFileReference; includeInIndex = 1; lastKnownFileType = text.xcconfig; name = "Pods-ABNRider.release.xcconfig"; path = "Pods/Target Support Files/Pods-ABNRider/Pods-ABNRider.release.xcconfig"; sourceTree = "<group>"; };
		433CD3CF16B877C9D1C40591 /* Pods-ABNRider.debug.xcconfig */ = {isa = PBXFileReference; includeInIndex = 1; lastKnownFileType = text.xcconfig; name = "Pods-ABNRider.debug.xcconfig"; path = "Pods/Target Support Files/Pods-ABNRider/Pods-ABNRider.debug.xcconfig"; sourceTree = "<group>"; };
		592D280ECF88D8FC77131AD9 /* Pods_ABNRider.framework */ = {isa = PBXFileReference; explicitFileType = wrapper.framework; includeInIndex = 0; path = Pods_ABNRider.framework; sourceTree = BUILT_PRODUCTS_DIR; };
		5BA45B9820BDD55D00656472 /* ABNRider.app */ = {isa = PBXFileReference; explicitFileType = wrapper.application; includeInIndex = 0; path = ABNRider.app; sourceTree = BUILT_PRODUCTS_DIR; };
		5BA45B9B20BDD55D00656472 /* AppDelegate.swift */ = {isa = PBXFileReference; lastKnownFileType = sourcecode.swift; path = AppDelegate.swift; sourceTree = "<group>"; };
		5BA45B9D20BDD55D00656472 /* HomeVC.swift */ = {isa = PBXFileReference; lastKnownFileType = sourcecode.swift; path = HomeVC.swift; sourceTree = "<group>"; };
		5BA45BA020BDD55D00656472 /* Base */ = {isa = PBXFileReference; lastKnownFileType = file.storyboard; name = Base; path = Base.lproj/Main.storyboard; sourceTree = "<group>"; };
		5BA45BA220BDD55E00656472 /* Assets.xcassets */ = {isa = PBXFileReference; lastKnownFileType = folder.assetcatalog; path = Assets.xcassets; sourceTree = "<group>"; };
		5BA45BA520BDD55E00656472 /* Base */ = {isa = PBXFileReference; lastKnownFileType = file.storyboard; name = Base; path = Base.lproj/LaunchScreen.storyboard; sourceTree = "<group>"; };
		5BA45BA720BDD55E00656472 /* Info.plist */ = {isa = PBXFileReference; lastKnownFileType = text.plist.xml; path = Info.plist; sourceTree = "<group>"; };
		5BA45BAD20BDD7AE00656472 /* GoogleService-Info.plist */ = {isa = PBXFileReference; fileEncoding = 4; lastKnownFileType = text.plist.xml; path = "GoogleService-Info.plist"; sourceTree = "<group>"; };
		5BF7926520C11E89005A6E09 /* UIGradientVIew.swift */ = {isa = PBXFileReference; lastKnownFileType = sourcecode.swift; path = UIGradientVIew.swift; sourceTree = "<group>"; };
		5BF7926720C12184005A6E09 /* RoundImgView.swift */ = {isa = PBXFileReference; lastKnownFileType = sourcecode.swift; path = RoundImgView.swift; sourceTree = "<group>"; };
		5BF7926920C12240005A6E09 /* RoundedShadowView.swift */ = {isa = PBXFileReference; lastKnownFileType = sourcecode.swift; path = RoundedShadowView.swift; sourceTree = "<group>"; };
		5BF7926B20C12348005A6E09 /* CircularView.swift */ = {isa = PBXFileReference; lastKnownFileType = sourcecode.swift; path = CircularView.swift; sourceTree = "<group>"; };
		5BF7926D20C125D3005A6E09 /* RoundedShadowButton.swift */ = {isa = PBXFileReference; lastKnownFileType = sourcecode.swift; path = RoundedShadowButton.swift; sourceTree = "<group>"; };
		5BF7926F20C12C90005A6E09 /* ContainerVC.swift */ = {isa = PBXFileReference; lastKnownFileType = sourcecode.swift; path = ContainerVC.swift; sourceTree = "<group>"; };
		5BF7927120C12D86005A6E09 /* LeftPanelVC.swift */ = {isa = PBXFileReference; lastKnownFileType = sourcecode.swift; path = LeftPanelVC.swift; sourceTree = "<group>"; };
		5BF7927320C190B0005A6E09 /* UIView+Extensions.swift */ = {isa = PBXFileReference; lastKnownFileType = sourcecode.swift; path = "UIView+Extensions.swift"; sourceTree = "<group>"; };
		5BF7927520C196BD005A6E09 /* LoginVC.swift */ = {isa = PBXFileReference; lastKnownFileType = sourcecode.swift; path = LoginVC.swift; sourceTree = "<group>"; };
		5BF7927920C1978E005A6E09 /* RoundedCornerTF.swift */ = {isa = PBXFileReference; lastKnownFileType = sourcecode.swift; path = RoundedCornerTF.swift; sourceTree = "<group>"; };
		5BF7927B20C1B6B1005A6E09 /* DataService.swift */ = {isa = PBXFileReference; lastKnownFileType = sourcecode.swift; path = DataService.swift; sourceTree = "<group>"; };
		5BF7927E20C24B34005A6E09 /* UpdateService.swift */ = {isa = PBXFileReference; lastKnownFileType = sourcecode.swift; path = UpdateService.swift; sourceTree = "<group>"; };
		5BF7928020C25268005A6E09 /* DriverAnnotaion.swift */ = {isa = PBXFileReference; lastKnownFileType = sourcecode.swift; path = DriverAnnotaion.swift; sourceTree = "<group>"; };
		5BF7928220C29E1B005A6E09 /* PassengerAnnotation.swift */ = {isa = PBXFileReference; lastKnownFileType = sourcecode.swift; path = PassengerAnnotation.swift; sourceTree = "<group>"; };
/* End PBXFileReference section */

/* Begin PBXFrameworksBuildPhase section */
		5BA45B9520BDD55D00656472 /* Frameworks */ = {
			isa = PBXFrameworksBuildPhase;
			buildActionMask = 2147483647;
			files = (
				EE287FADCA094CD03FC0816D /* Pods_ABNRider.framework in Frameworks */,
			);
			runOnlyForDeploymentPostprocessing = 0;
		};
/* End PBXFrameworksBuildPhase section */

/* Begin PBXGroup section */
		5129AB2E64E233D49F8FFFCB /* Pods */ = {
			isa = PBXGroup;
			children = (
				433CD3CF16B877C9D1C40591 /* Pods-ABNRider.debug.xcconfig */,
				04C91FB904176D60A67261AB /* Pods-ABNRider.release.xcconfig */,
			);
			name = Pods;
			sourceTree = "<group>";
		};
		5BA45B8F20BDD55D00656472 = {
			isa = PBXGroup;
			children = (
				5BA45B9A20BDD55D00656472 /* ABNRider */,
				5BA45B9920BDD55D00656472 /* Products */,
				5129AB2E64E233D49F8FFFCB /* Pods */,
				6553CEF77FFF7DEC7C8CFD18 /* Frameworks */,
			);
			sourceTree = "<group>";
		};
		5BA45B9920BDD55D00656472 /* Products */ = {
			isa = PBXGroup;
			children = (
				5BA45B9820BDD55D00656472 /* ABNRider.app */,
			);
			name = Products;
			sourceTree = "<group>";
		};
		5BA45B9A20BDD55D00656472 /* ABNRider */ = {
			isa = PBXGroup;
			children = (
				5BF7926F20C12C90005A6E09 /* ContainerVC.swift */,
				5BF7927120C12D86005A6E09 /* LeftPanelVC.swift */,
				5BF7926420C11E74005A6E09 /* Utilities */,
				5BF7926320C11E6E005A6E09 /* Model */,
				5BF7926220C11E68005A6E09 /* View */,
				5BF7926120C11E60005A6E09 /* Controller */,
				5BA45B9B20BDD55D00656472 /* AppDelegate.swift */,
				5BA45B9F20BDD55D00656472 /* Main.storyboard */,
				5BA45BA220BDD55E00656472 /* Assets.xcassets */,
				5BA45BA420BDD55E00656472 /* LaunchScreen.storyboard */,
				5BA45BA720BDD55E00656472 /* Info.plist */,
				5BA45BAD20BDD7AE00656472 /* GoogleService-Info.plist */,
			);
			path = ABNRider;
			sourceTree = "<group>";
		};
		5BF7926120C11E60005A6E09 /* Controller */ = {
			isa = PBXGroup;
			children = (
				5BA45B9D20BDD55D00656472 /* HomeVC.swift */,
				5BF7927520C196BD005A6E09 /* LoginVC.swift */,
			);
			path = Controller;
			sourceTree = "<group>";
		};
		5BF7926220C11E68005A6E09 /* View */ = {
			isa = PBXGroup;
			children = (
				5BF7928020C25268005A6E09 /* DriverAnnotaion.swift */,
				5BF7928220C29E1B005A6E09 /* PassengerAnnotation.swift */,
			);
			path = View;
			sourceTree = "<group>";
		};
		5BF7926320C11E6E005A6E09 /* Model */ = {
			isa = PBXGroup;
			children = (
				5BF7927D20C1B729005A6E09 /* Services */,
			);
			path = Model;
			sourceTree = "<group>";
		};
		5BF7926420C11E74005A6E09 /* Utilities */ = {
			isa = PBXGroup;
			children = (
				5BF7926520C11E89005A6E09 /* UIGradientVIew.swift */,
				5BF7926720C12184005A6E09 /* RoundImgView.swift */,
				5BF7926920C12240005A6E09 /* RoundedShadowView.swift */,
				5BF7926B20C12348005A6E09 /* CircularView.swift */,
				5BF7926D20C125D3005A6E09 /* RoundedShadowButton.swift */,
				5BF7927320C190B0005A6E09 /* UIView+Extensions.swift */,
				5BF7927920C1978E005A6E09 /* RoundedCornerTF.swift */,
			);
			path = Utilities;
			sourceTree = "<group>";
		};
		5BF7927D20C1B729005A6E09 /* Services */ = {
			isa = PBXGroup;
			children = (
				5BF7927B20C1B6B1005A6E09 /* DataService.swift */,
				5BF7927E20C24B34005A6E09 /* UpdateService.swift */,
			);
			path = Services;
			sourceTree = "<group>";
		};
		6553CEF77FFF7DEC7C8CFD18 /* Frameworks */ = {
			isa = PBXGroup;
			children = (
				592D280ECF88D8FC77131AD9 /* Pods_ABNRider.framework */,
			);
			name = Frameworks;
			sourceTree = "<group>";
		};
/* End PBXGroup section */

/* Begin PBXNativeTarget section */
		5BA45B9720BDD55D00656472 /* ABNRider */ = {
			isa = PBXNativeTarget;
			buildConfigurationList = 5BA45BAA20BDD55E00656472 /* Build configuration list for PBXNativeTarget "ABNRider" */;
			buildPhases = (
				70DA5AF81E8CAA2F433546DF /* [CP] Check Pods Manifest.lock */,
				5BA45B9420BDD55D00656472 /* Sources */,
				5BA45B9520BDD55D00656472 /* Frameworks */,
				5BA45B9620BDD55D00656472 /* Resources */,
				987DC155A36D704F96D0BAB6 /* [CP] Embed Pods Frameworks */,
			);
			buildRules = (
			);
			dependencies = (
			);
			name = ABNRider;
			productName = ABNRider;
			productReference = 5BA45B9820BDD55D00656472 /* ABNRider.app */;
			productType = "com.apple.product-type.application";
		};
/* End PBXNativeTarget section */

/* Begin PBXProject section */
		5BA45B9020BDD55D00656472 /* Project object */ = {
			isa = PBXProject;
			attributes = {
				LastSwiftUpdateCheck = 0930;
				LastUpgradeCheck = 0930;
				ORGANIZATIONNAME = abnboys;
				TargetAttributes = {
					5BA45B9720BDD55D00656472 = {
						CreatedOnToolsVersion = 9.3.1;
					};
				};
			};
			buildConfigurationList = 5BA45B9320BDD55D00656472 /* Build configuration list for PBXProject "ABNRider" */;
			compatibilityVersion = "Xcode 9.3";
			developmentRegion = en;
			hasScannedForEncodings = 0;
			knownRegions = (
				en,
				Base,
			);
			mainGroup = 5BA45B8F20BDD55D00656472;
			productRefGroup = 5BA45B9920BDD55D00656472 /* Products */;
			projectDirPath = "";
			projectRoot = "";
			targets = (
				5BA45B9720BDD55D00656472 /* ABNRider */,
			);
		};
/* End PBXProject section */

/* Begin PBXResourcesBuildPhase section */
		5BA45B9620BDD55D00656472 /* Resources */ = {
			isa = PBXResourcesBuildPhase;
			buildActionMask = 2147483647;
			files = (
				5BA45BA620BDD55E00656472 /* LaunchScreen.storyboard in Resources */,
				5BA45BAE20BDD7AE00656472 /* GoogleService-Info.plist in Resources */,
				5BA45BA320BDD55E00656472 /* Assets.xcassets in Resources */,
				5BA45BA120BDD55D00656472 /* Main.storyboard in Resources */,
			);
			runOnlyForDeploymentPostprocessing = 0;
		};
/* End PBXResourcesBuildPhase section */

/* Begin PBXShellScriptBuildPhase section */
		70DA5AF81E8CAA2F433546DF /* [CP] Check Pods Manifest.lock */ = {
			isa = PBXShellScriptBuildPhase;
			buildActionMask = 2147483647;
			files = (
			);
			inputPaths = (
				"${PODS_PODFILE_DIR_PATH}/Podfile.lock",
				"${PODS_ROOT}/Manifest.lock",
			);
			name = "[CP] Check Pods Manifest.lock";
			outputPaths = (
				"$(DERIVED_FILE_DIR)/Pods-ABNRider-checkManifestLockResult.txt",
			);
			runOnlyForDeploymentPostprocessing = 0;
			shellPath = /bin/sh;
			shellScript = "diff \"${PODS_PODFILE_DIR_PATH}/Podfile.lock\" \"${PODS_ROOT}/Manifest.lock\" > /dev/null\nif [ $? != 0 ] ; then\n    # print error to STDERR\n    echo \"error: The sandbox is not in sync with the Podfile.lock. Run 'pod install' or update your CocoaPods installation.\" >&2\n    exit 1\nfi\n# This output is used by Xcode 'outputs' to avoid re-running this script phase.\necho \"SUCCESS\" > \"${SCRIPT_OUTPUT_FILE_0}\"\n";
			showEnvVarsInLog = 0;
		};
		987DC155A36D704F96D0BAB6 /* [CP] Embed Pods Frameworks */ = {
			isa = PBXShellScriptBuildPhase;
			buildActionMask = 2147483647;
			files = (
			);
			inputPaths = (
				"${SRCROOT}/Pods/Target Support Files/Pods-ABNRider/Pods-ABNRider-frameworks.sh",
				"${BUILT_PRODUCTS_DIR}/GTMSessionFetcher/GTMSessionFetcher.framework",
				"${BUILT_PRODUCTS_DIR}/GoogleToolboxForMac/GoogleToolboxForMac.framework",
				"${BUILT_PRODUCTS_DIR}/leveldb-library/leveldb.framework",
				"${BUILT_PRODUCTS_DIR}/nanopb/nanopb.framework",
			);
			name = "[CP] Embed Pods Frameworks";
			outputPaths = (
				"${TARGET_BUILD_DIR}/${FRAMEWORKS_FOLDER_PATH}/GTMSessionFetcher.framework",
				"${TARGET_BUILD_DIR}/${FRAMEWORKS_FOLDER_PATH}/GoogleToolboxForMac.framework",
				"${TARGET_BUILD_DIR}/${FRAMEWORKS_FOLDER_PATH}/leveldb.framework",
				"${TARGET_BUILD_DIR}/${FRAMEWORKS_FOLDER_PATH}/nanopb.framework",
			);
			runOnlyForDeploymentPostprocessing = 0;
			shellPath = /bin/sh;
			shellScript = "\"${SRCROOT}/Pods/Target Support Files/Pods-ABNRider/Pods-ABNRider-frameworks.sh\"\n";
			showEnvVarsInLog = 0;
		};
/* End PBXShellScriptBuildPhase section */

/* Begin PBXSourcesBuildPhase section */
		5BA45B9420BDD55D00656472 /* Sources */ = {
			isa = PBXSourcesBuildPhase;
			buildActionMask = 2147483647;
			files = (
				5BF7927620C196BD005A6E09 /* LoginVC.swift in Sources */,
				5BF7927C20C1B6B1005A6E09 /* DataService.swift in Sources */,
				5BF7927020C12C90005A6E09 /* ContainerVC.swift in Sources */,
				5BF7926E20C125D3005A6E09 /* RoundedShadowButton.swift in Sources */,
				5BF7927420C190B0005A6E09 /* UIView+Extensions.swift in Sources */,
				5BF7927A20C1978E005A6E09 /* RoundedCornerTF.swift in Sources */,
				5BF7927F20C24B34005A6E09 /* UpdateService.swift in Sources */,
				5BF7928320C29E1B005A6E09 /* PassengerAnnotation.swift in Sources */,
				5BF7926820C12184005A6E09 /* RoundImgView.swift in Sources */,
				5BA45B9E20BDD55D00656472 /* HomeVC.swift in Sources */,
				5BF7926A20C12240005A6E09 /* RoundedShadowView.swift in Sources */,
				5BF7927220C12D86005A6E09 /* LeftPanelVC.swift in Sources */,
				5BF7928120C25268005A6E09 /* DriverAnnotaion.swift in Sources */,
				5BF7926C20C12348005A6E09 /* CircularView.swift in Sources */,
				5BF7926620C11E89005A6E09 /* UIGradientVIew.swift in Sources */,
				5BA45B9C20BDD55D00656472 /* AppDelegate.swift in Sources */,
			);
			runOnlyForDeploymentPostprocessing = 0;
		};
/* End PBXSourcesBuildPhase section */

/* Begin PBXVariantGroup section */
		5BA45B9F20BDD55D00656472 /* Main.storyboard */ = {
			isa = PBXVariantGroup;
			children = (
				5BA45BA020BDD55D00656472 /* Base */,
			);
			name = Main.storyboard;
			sourceTree = "<group>";
		};
		5BA45BA420BDD55E00656472 /* LaunchScreen.storyboard */ = {
			isa = PBXVariantGroup;
			children = (
				5BA45BA520BDD55E00656472 /* Base */,
			);
			name = LaunchScreen.storyboard;
			sourceTree = "<group>";
		};
/* End PBXVariantGroup section */

/* Begin XCBuildConfiguration section */
		5BA45BA820BDD55E00656472 /* Debug */ = {
			isa = XCBuildConfiguration;
			buildSettings = {
				ALWAYS_SEARCH_USER_PATHS = NO;
				CLANG_ANALYZER_NONNULL = YES;
				CLANG_ANALYZER_NUMBER_OBJECT_CONVERSION = YES_AGGRESSIVE;
				CLANG_CXX_LANGUAGE_STANDARD = "gnu++14";
				CLANG_CXX_LIBRARY = "libc++";
				CLANG_ENABLE_MODULES = YES;
				CLANG_ENABLE_OBJC_ARC = YES;
				CLANG_ENABLE_OBJC_WEAK = YES;
				CLANG_WARN_BLOCK_CAPTURE_AUTORELEASING = YES;
				CLANG_WARN_BOOL_CONVERSION = YES;
				CLANG_WARN_COMMA = YES;
				CLANG_WARN_CONSTANT_CONVERSION = YES;
				CLANG_WARN_DEPRECATED_OBJC_IMPLEMENTATIONS = YES;
				CLANG_WARN_DIRECT_OBJC_ISA_USAGE = YES_ERROR;
				CLANG_WARN_DOCUMENTATION_COMMENTS = YES;
				CLANG_WARN_EMPTY_BODY = YES;
				CLANG_WARN_ENUM_CONVERSION = YES;
				CLANG_WARN_INFINITE_RECURSION = YES;
				CLANG_WARN_INT_CONVERSION = YES;
				CLANG_WARN_NON_LITERAL_NULL_CONVERSION = YES;
				CLANG_WARN_OBJC_IMPLICIT_RETAIN_SELF = YES;
				CLANG_WARN_OBJC_LITERAL_CONVERSION = YES;
				CLANG_WARN_OBJC_ROOT_CLASS = YES_ERROR;
				CLANG_WARN_RANGE_LOOP_ANALYSIS = YES;
				CLANG_WARN_STRICT_PROTOTYPES = YES;
				CLANG_WARN_SUSPICIOUS_MOVE = YES;
				CLANG_WARN_UNGUARDED_AVAILABILITY = YES_AGGRESSIVE;
				CLANG_WARN_UNREACHABLE_CODE = YES;
				CLANG_WARN__DUPLICATE_METHOD_MATCH = YES;
				CODE_SIGN_IDENTITY = "iPhone Developer";
				COPY_PHASE_STRIP = NO;
				DEBUG_INFORMATION_FORMAT = dwarf;
				ENABLE_STRICT_OBJC_MSGSEND = YES;
				ENABLE_TESTABILITY = YES;
				GCC_C_LANGUAGE_STANDARD = gnu11;
				GCC_DYNAMIC_NO_PIC = NO;
				GCC_NO_COMMON_BLOCKS = YES;
				GCC_OPTIMIZATION_LEVEL = 0;
				GCC_PREPROCESSOR_DEFINITIONS = (
					"DEBUG=1",
					"$(inherited)",
				);
				GCC_WARN_64_TO_32_BIT_CONVERSION = YES;
				GCC_WARN_ABOUT_RETURN_TYPE = YES_ERROR;
				GCC_WARN_UNDECLARED_SELECTOR = YES;
				GCC_WARN_UNINITIALIZED_AUTOS = YES_AGGRESSIVE;
				GCC_WARN_UNUSED_FUNCTION = YES;
				GCC_WARN_UNUSED_VARIABLE = YES;
				IPHONEOS_DEPLOYMENT_TARGET = 11.3;
				MTL_ENABLE_DEBUG_INFO = YES;
				ONLY_ACTIVE_ARCH = YES;
				SDKROOT = iphoneos;
				SWIFT_ACTIVE_COMPILATION_CONDITIONS = DEBUG;
				SWIFT_OPTIMIZATION_LEVEL = "-Onone";
			};
			name = Debug;
		};
		5BA45BA920BDD55E00656472 /* Release */ = {
			isa = XCBuildConfiguration;
			buildSettings = {
				ALWAYS_SEARCH_USER_PATHS = NO;
				CLANG_ANALYZER_NONNULL = YES;
				CLANG_ANALYZER_NUMBER_OBJECT_CONVERSION = YES_AGGRESSIVE;
				CLANG_CXX_LANGUAGE_STANDARD = "gnu++14";
				CLANG_CXX_LIBRARY = "libc++";
				CLANG_ENABLE_MODULES = YES;
				CLANG_ENABLE_OBJC_ARC = YES;
				CLANG_ENABLE_OBJC_WEAK = YES;
				CLANG_WARN_BLOCK_CAPTURE_AUTORELEASING = YES;
				CLANG_WARN_BOOL_CONVERSION = YES;
				CLANG_WARN_COMMA = YES;
				CLANG_WARN_CONSTANT_CONVERSION = YES;
				CLANG_WARN_DEPRECATED_OBJC_IMPLEMENTATIONS = YES;
				CLANG_WARN_DIRECT_OBJC_ISA_USAGE = YES_ERROR;
				CLANG_WARN_DOCUMENTATION_COMMENTS = YES;
				CLANG_WARN_EMPTY_BODY = YES;
				CLANG_WARN_ENUM_CONVERSION = YES;
				CLANG_WARN_INFINITE_RECURSION = YES;
				CLANG_WARN_INT_CONVERSION = YES;
				CLANG_WARN_NON_LITERAL_NULL_CONVERSION = YES;
				CLANG_WARN_OBJC_IMPLICIT_RETAIN_SELF = YES;
				CLANG_WARN_OBJC_LITERAL_CONVERSION = YES;
				CLANG_WARN_OBJC_ROOT_CLASS = YES_ERROR;
				CLANG_WARN_RANGE_LOOP_ANALYSIS = YES;
				CLANG_WARN_STRICT_PROTOTYPES = YES;
				CLANG_WARN_SUSPICIOUS_MOVE = YES;
				CLANG_WARN_UNGUARDED_AVAILABILITY = YES_AGGRESSIVE;
				CLANG_WARN_UNREACHABLE_CODE = YES;
				CLANG_WARN__DUPLICATE_METHOD_MATCH = YES;
				CODE_SIGN_IDENTITY = "iPhone Developer";
				COPY_PHASE_STRIP = NO;
				DEBUG_INFORMATION_FORMAT = "dwarf-with-dsym";
				ENABLE_NS_ASSERTIONS = NO;
				ENABLE_STRICT_OBJC_MSGSEND = YES;
				GCC_C_LANGUAGE_STANDARD = gnu11;
				GCC_NO_COMMON_BLOCKS = YES;
				GCC_WARN_64_TO_32_BIT_CONVERSION = YES;
				GCC_WARN_ABOUT_RETURN_TYPE = YES_ERROR;
				GCC_WARN_UNDECLARED_SELECTOR = YES;
				GCC_WARN_UNINITIALIZED_AUTOS = YES_AGGRESSIVE;
				GCC_WARN_UNUSED_FUNCTION = YES;
				GCC_WARN_UNUSED_VARIABLE = YES;
				IPHONEOS_DEPLOYMENT_TARGET = 11.3;
				MTL_ENABLE_DEBUG_INFO = NO;
				SDKROOT = iphoneos;
				SWIFT_COMPILATION_MODE = wholemodule;
				SWIFT_OPTIMIZATION_LEVEL = "-O";
				VALIDATE_PRODUCT = YES;
			};
			name = Release;
		};
		5BA45BAB20BDD55E00656472 /* Debug */ = {
			isa = XCBuildConfiguration;
			baseConfigurationReference = 433CD3CF16B877C9D1C40591 /* Pods-ABNRider.debug.xcconfig */;
			buildSettings = {
				ASSETCATALOG_COMPILER_APPICON_NAME = AppIcon;
				CODE_SIGN_STYLE = Automatic;
				DEVELOPMENT_TEAM = Q783J47277;
				INFOPLIST_FILE = ABNRider/Info.plist;
				LD_RUNPATH_SEARCH_PATHS = (
					"$(inherited)",
					"@executable_path/Frameworks",
				);
				PRODUCT_BUNDLE_IDENTIFIER = abn.ABNRider;
				PRODUCT_NAME = "$(TARGET_NAME)";
				SWIFT_VERSION = 4.0;
				TARGETED_DEVICE_FAMILY = "1,2";
			};
			name = Debug;
		};
		5BA45BAC20BDD55E00656472 /* Release */ = {
			isa = XCBuildConfiguration;
			baseConfigurationReference = 04C91FB904176D60A67261AB /* Pods-ABNRider.release.xcconfig */;
			buildSettings = {
				ASSETCATALOG_COMPILER_APPICON_NAME = AppIcon;
				CODE_SIGN_STYLE = Automatic;
				DEVELOPMENT_TEAM = Q783J47277;
				INFOPLIST_FILE = ABNRider/Info.plist;
				LD_RUNPATH_SEARCH_PATHS = (
					"$(inherited)",
					"@executable_path/Frameworks",
				);
				PRODUCT_BUNDLE_IDENTIFIER = abn.ABNRider;
				PRODUCT_NAME = "$(TARGET_NAME)";
				SWIFT_VERSION = 4.0;
				TARGETED_DEVICE_FAMILY = "1,2";
			};
			name = Release;
		};
/* End XCBuildConfiguration section */

/* Begin XCConfigurationList section */
		5BA45B9320BDD55D00656472 /* Build configuration list for PBXProject "ABNRider" */ = {
			isa = XCConfigurationList;
			buildConfigurations = (
				5BA45BA820BDD55E00656472 /* Debug */,
				5BA45BA920BDD55E00656472 /* Release */,
			);
			defaultConfigurationIsVisible = 0;
			defaultConfigurationName = Release;
		};
		5BA45BAA20BDD55E00656472 /* Build configuration list for PBXNativeTarget "ABNRider" */ = {
			isa = XCConfigurationList;
			buildConfigurations = (
				5BA45BAB20BDD55E00656472 /* Debug */,
				5BA45BAC20BDD55E00656472 /* Release */,
			);
			defaultConfigurationIsVisible = 0;
			defaultConfigurationName = Release;
		};
/* End XCConfigurationList section */
	};
	rootObject = 5BA45B9020BDD55D00656472 /* Project object */;
}
